{
    "_readme": [
        "This file locks the dependencies of your project to a known state",
        "Read more about it at https://getcomposer.org/doc/01-basic-usage.md#installing-dependencies",
        "This file is @generated automatically"
    ],
    "content-hash": "c3338aa2c3cec0d3642213261e7eeadf",
    "packages": [
        {
            "name": "fguillot/json-rpc",
            "version": "v1.2.4",
            "source": {
                "type": "git",
                "url": "https://github.com/fguillot/JsonRPC.git",
                "reference": "ea2720b13e986bbf23e832b135c84c91ead7259f"
            },
            "dist": {
                "type": "zip",
                "url": "https://api.github.com/repos/fguillot/JsonRPC/zipball/ea2720b13e986bbf23e832b135c84c91ead7259f",
                "reference": "ea2720b13e986bbf23e832b135c84c91ead7259f",
                "shasum": ""
            },
            "require": {
                "php": ">=5.3.4"
            },
            "require-dev": {
                "phpunit/phpunit": "4.8.*"
            },
            "type": "library",
            "autoload": {
                "psr-0": {
                    "JsonRPC": "src/"
                }
            },
            "notification-url": "https://packagist.org/downloads/",
            "license": [
                "MIT"
            ],
            "authors": [
                {
                    "name": "Frédéric Guillot"
                }
            ],
            "description": "Simple Json-RPC client/server library that just works",
            "homepage": "https://github.com/fguillot/JsonRPC",
            "time": "2017-01-12T21:31:30+00:00"
        },
        {
            "name": "guzzlehttp/psr7",
            "version": "1.9.1",
            "source": {
                "type": "git",
                "url": "https://github.com/guzzle/psr7.git",
                "reference": "e4490cabc77465aaee90b20cfc9a770f8c04be6b"
            },
            "dist": {
                "type": "zip",
                "url": "https://api.github.com/repos/guzzle/psr7/zipball/e4490cabc77465aaee90b20cfc9a770f8c04be6b",
                "reference": "e4490cabc77465aaee90b20cfc9a770f8c04be6b",
                "shasum": ""
            },
            "require": {
                "php": ">=5.4.0",
                "psr/http-message": "~1.0",
                "ralouphie/getallheaders": "^2.0.5 || ^3.0.0"
            },
            "provide": {
                "psr/http-message-implementation": "1.0"
            },
            "require-dev": {
                "ext-zlib": "*",
                "phpunit/phpunit": "~4.8.36 || ^5.7.27 || ^6.5.14 || ^7.5.20 || ^8.5.8 || ^9.3.10"
            },
            "suggest": {
                "laminas/laminas-httphandlerrunner": "Emit PSR-7 responses"
            },
            "type": "library",
            "autoload": {
                "files": [
                    "src/functions_include.php"
                ],
                "psr-4": {
                    "GuzzleHttp\\Psr7\\": "src/"
                }
            },
            "notification-url": "https://packagist.org/downloads/",
            "license": [
                "MIT"
            ],
            "authors": [
                {
                    "name": "Graham Campbell",
                    "email": "hello@gjcampbell.co.uk",
                    "homepage": "https://github.com/GrahamCampbell"
                },
                {
                    "name": "Michael Dowling",
                    "email": "mtdowling@gmail.com",
                    "homepage": "https://github.com/mtdowling"
                },
                {
                    "name": "George Mponos",
                    "email": "gmponos@gmail.com",
                    "homepage": "https://github.com/gmponos"
                },
                {
                    "name": "Tobias Nyholm",
                    "email": "tobias.nyholm@gmail.com",
                    "homepage": "https://github.com/Nyholm"
                },
                {
                    "name": "Márk Sági-Kazár",
                    "email": "mark.sagikazar@gmail.com",
                    "homepage": "https://github.com/sagikazarmark"
                },
                {
                    "name": "Tobias Schultze",
                    "email": "webmaster@tubo-world.de",
                    "homepage": "https://github.com/Tobion"
                }
            ],
            "description": "PSR-7 message implementation that also provides common utility methods",
            "keywords": [
                "http",
                "message",
                "psr-7",
                "request",
                "response",
                "stream",
                "uri",
                "url"
            ],
            "support": {
                "issues": "https://github.com/guzzle/psr7/issues",
                "source": "https://github.com/guzzle/psr7/tree/1.9.1"
            },
            "funding": [
                {
                    "url": "https://github.com/GrahamCampbell",
                    "type": "github"
                },
                {
                    "url": "https://github.com/Nyholm",
                    "type": "github"
                },
                {
                    "url": "https://tidelift.com/funding/github/packagist/guzzlehttp/psr7",
                    "type": "tidelift"
                }
            ],
            "time": "2023-04-17T16:00:37+00:00"
        },
        {
            "name": "kleiram/transmission-php",
            "version": "dev-master",
            "source": {
                "type": "git",
                "url": "https://github.com/kleiram/transmission-php.git",
                "reference": "3a9da015251ab2a0dde241cc0ea0ea641ba9fc10"
            },
            "dist": {
                "type": "zip",
                "url": "https://api.github.com/repos/kleiram/transmission-php/zipball/3a9da015251ab2a0dde241cc0ea0ea641ba9fc10",
                "reference": "3a9da015251ab2a0dde241cc0ea0ea641ba9fc10",
                "shasum": ""
            },
            "require": {
                "kriswallsmith/buzz": ">=0.9",
                "symfony/property-access": ">=2.2.1"
            },
            "type": "library",
            "autoload": {
                "psr-0": {
                    "Transmission": "lib/"
                }
            },
            "notification-url": "https://packagist.org/downloads/",
            "license": [
                "BSD-2-Clause"
            ],
            "authors": [
                {
                    "name": "Ramon Kleiss",
                    "email": "ramon@cubilon.nl"
                }
            ],
            "description": "PHP Transmission client",
            "keywords": [
                "download",
                "torrent",
                "transmission"
            ],
            "time": "2016-09-01T08:48:10+00:00"
        },
        {
            "name": "kriswallsmith/buzz",
            "version": "v0.16.0",
            "source": {
                "type": "git",
                "url": "https://github.com/kriswallsmith/Buzz.git",
                "reference": "bd3299b7b6be3eeeb7a2842e677685031b93aa26"
            },
            "dist": {
                "type": "zip",
                "url": "https://api.github.com/repos/kriswallsmith/Buzz/zipball/bd3299b7b6be3eeeb7a2842e677685031b93aa26",
                "reference": "bd3299b7b6be3eeeb7a2842e677685031b93aa26",
                "shasum": ""
            },
            "require": {
                "guzzlehttp/psr7": "^1.4",
                "php": "^5.4 || ^7.0"
            },
            "require-dev": {
                "php-http/client-integration-tests": "^0.6.2",
                "symfony/phpunit-bridge": "^3.4 || ^4.0"
            },
            "suggest": {
                "ext-curl": "*"
            },
            "type": "library",
            "autoload": {
                "psr-4": {
                    "Buzz\\": "lib/Buzz"
                }
            },
            "notification-url": "https://packagist.org/downloads/",
            "license": [
                "MIT"
            ],
            "authors": [
                {
                    "name": "Kris Wallsmith",
                    "email": "kris.wallsmith@gmail.com",
                    "homepage": "http://kriswallsmith.net/"
                }
            ],
            "description": "Lightweight HTTP client",
            "homepage": "https://github.com/kriswallsmith/Buzz",
            "keywords": [
                "curl",
                "http client"
            ],
            "time": "2018-02-03T19:40:45+00:00"
        },
        {
            "name": "paquettg/php-html-parser",
            "version": "dev-master",
            "source": {
                "type": "git",
                "url": "https://github.com/paquettg/php-html-parser.git",
                "reference": "96634727ec973ee0a57c5060139bfd747f079b67"
            },
            "dist": {
                "type": "zip",
                "url": "https://api.github.com/repos/paquettg/php-html-parser/zipball/96634727ec973ee0a57c5060139bfd747f079b67",
                "reference": "96634727ec973ee0a57c5060139bfd747f079b67",
                "shasum": ""
            },
            "require": {
                "paquettg/string-encode": "~0.1.0",
                "php": ">=5.6"
            },
            "require-dev": {
                "mockery/mockery": "~0.9.0",
                "phpunit/phpunit": "~5.3.0",
                "satooshi/php-coveralls": "~1.0.0"
            },
            "type": "library",
            "autoload": {
                "psr-0": {
                    "PHPHtmlParser": "src/"
                }
            },
            "notification-url": "https://packagist.org/downloads/",
            "license": [
                "MIT"
            ],
            "authors": [
                {
                    "name": "Gilles Paquette",
                    "email": "paquettg@gmail.com",
                    "homepage": "http://gillespaquette.ca"
                }
            ],
            "description": "An HTML DOM parser. It allows you to manipulate HTML. Find tags on an HTML page with selectors just like jQuery.",
            "homepage": "https://github.com/paquettg/php-html-parser",
            "keywords": [
                "dom",
                "html",
                "parser"
            ],
            "time": "2016-04-06T16:42:15+00:00"
        },
        {
            "name": "paquettg/string-encode",
            "version": "0.1.1",
            "source": {
                "type": "git",
                "url": "https://github.com/paquettg/string-encoder.git",
                "reference": "cf08343649701979f581c1601d01247fa3782439"
            },
            "dist": {
                "type": "zip",
                "url": "https://api.github.com/repos/paquettg/string-encoder/zipball/cf08343649701979f581c1601d01247fa3782439",
                "reference": "cf08343649701979f581c1601d01247fa3782439",
                "shasum": ""
            },
            "require": {
                "php": ">=5.4"
            },
            "require-dev": {
                "phpunit/phpunit": "3.7.*"
            },
            "type": "library",
            "autoload": {
                "psr-0": {
                    "stringEncode": "src/"
                }
            },
            "notification-url": "https://packagist.org/downloads/",
            "license": [
                "MIT"
            ],
            "authors": [
                {
                    "name": "Gilles Paquette",
                    "email": "paquettg@gmail.com",
                    "homepage": "http://gillespaquette.ca"
                }
            ],
            "description": "Facilitating the process of altering string encoding in PHP.",
            "homepage": "https://github.com/paquettg/string-encoder",
            "keywords": [
                "charset",
                "encoding",
                "string"
            ],
            "time": "2014-05-29T18:38:09+00:00"
        },
        {
            "name": "paragonie/random_compat",
            "version": "v2.0.11",
            "source": {
                "type": "git",
                "url": "https://github.com/paragonie/random_compat.git",
                "reference": "5da4d3c796c275c55f057af5a643ae297d96b4d8"
            },
            "dist": {
                "type": "zip",
                "url": "https://api.github.com/repos/paragonie/random_compat/zipball/5da4d3c796c275c55f057af5a643ae297d96b4d8",
                "reference": "5da4d3c796c275c55f057af5a643ae297d96b4d8",
                "shasum": ""
            },
            "require": {
                "php": ">=5.2.0"
            },
            "require-dev": {
                "phpunit/phpunit": "4.*|5.*"
            },
            "suggest": {
                "ext-libsodium": "Provides a modern crypto API that can be used to generate random bytes."
            },
            "type": "library",
            "autoload": {
                "files": [
                    "lib/random.php"
                ]
            },
            "notification-url": "https://packagist.org/downloads/",
            "license": [
                "MIT"
            ],
            "authors": [
                {
                    "name": "Paragon Initiative Enterprises",
                    "email": "security@paragonie.com",
                    "homepage": "https://paragonie.com"
                }
            ],
            "description": "PHP 5.x polyfill for random_bytes() and random_int() from PHP 7",
            "keywords": [
                "csprng",
                "pseudorandom",
                "random"
            ],
            "time": "2017-09-27T21:40:39+00:00"
        },
        {
            "name": "psr/http-message",
            "version": "1.1",
            "source": {
                "type": "git",
                "url": "https://github.com/php-fig/http-message.git",
                "reference": "cb6ce4845ce34a8ad9e68117c10ee90a29919eba"
            },
            "dist": {
                "type": "zip",
                "url": "https://api.github.com/repos/php-fig/http-message/zipball/cb6ce4845ce34a8ad9e68117c10ee90a29919eba",
                "reference": "cb6ce4845ce34a8ad9e68117c10ee90a29919eba",
                "shasum": ""
            },
            "require": {
                "php": "^7.2 || ^8.0"
            },
            "type": "library",
            "extra": {
                "branch-alias": {
                    "dev-master": "1.1.x-dev"
                }
            },
            "autoload": {
                "psr-4": {
                    "Psr\\Http\\Message\\": "src/"
                }
            },
            "notification-url": "https://packagist.org/downloads/",
            "license": [
                "MIT"
            ],
            "authors": [
                {
                    "name": "PHP-FIG",
                    "homepage": "http://www.php-fig.org/"
                }
            ],
            "description": "Common interface for HTTP messages",
            "homepage": "https://github.com/php-fig/http-message",
            "keywords": [
                "http",
                "http-message",
                "psr",
                "psr-7",
                "request",
                "response"
            ],
            "support": {
                "source": "https://github.com/php-fig/http-message/tree/1.1"
            },
            "time": "2023-04-04T09:50:52+00:00"
        },
        {
            "name": "ralouphie/getallheaders",
            "version": "3.0.3",
            "source": {
                "type": "git",
                "url": "https://github.com/ralouphie/getallheaders.git",
                "reference": "120b605dfeb996808c31b6477290a714d356e822"
            },
            "dist": {
                "type": "zip",
                "url": "https://api.github.com/repos/ralouphie/getallheaders/zipball/120b605dfeb996808c31b6477290a714d356e822",
                "reference": "120b605dfeb996808c31b6477290a714d356e822",
                "shasum": ""
            },
            "require": {
                "php": ">=5.6"
            },
            "require-dev": {
                "php-coveralls/php-coveralls": "^2.1",
                "phpunit/phpunit": "^5 || ^6.5"
            },
            "type": "library",
            "autoload": {
                "files": [
                    "src/getallheaders.php"
                ]
            },
            "notification-url": "https://packagist.org/downloads/",
            "license": [
                "MIT"
            ],
            "authors": [
                {
                    "name": "Ralph Khattar",
                    "email": "ralph.khattar@gmail.com"
                }
            ],
            "description": "A polyfill for getallheaders.",
            "support": {
                "issues": "https://github.com/ralouphie/getallheaders/issues",
                "source": "https://github.com/ralouphie/getallheaders/tree/develop"
            },
            "time": "2019-03-08T08:55:37+00:00"
        },
        {
            "name": "symfony/inflector",
            "version": "v3.4.4",
            "source": {
                "type": "git",
                "url": "https://github.com/symfony/inflector.git",
                "reference": "217fa0f0e8fce417bd225e4195b12c56e87273a8"
            },
            "dist": {
                "type": "zip",
                "url": "https://api.github.com/repos/symfony/inflector/zipball/217fa0f0e8fce417bd225e4195b12c56e87273a8",
                "reference": "217fa0f0e8fce417bd225e4195b12c56e87273a8",
                "shasum": ""
            },
            "require": {
                "php": "^5.5.9|>=7.0.8"
            },
            "type": "library",
            "extra": {
                "branch-alias": {
                    "dev-master": "3.4-dev"
                }
            },
            "autoload": {
                "psr-4": {
                    "Symfony\\Component\\Inflector\\": ""
                },
                "exclude-from-classmap": [
                    "/Tests/"
                ]
            },
            "notification-url": "https://packagist.org/downloads/",
            "license": [
                "MIT"
            ],
            "authors": [
                {
                    "name": "Bernhard Schussek",
                    "email": "bschussek@gmail.com"
                },
                {
                    "name": "Symfony Community",
                    "homepage": "https://symfony.com/contributors"
                }
            ],
            "description": "Symfony Inflector Component",
            "homepage": "https://symfony.com",
            "keywords": [
                "inflection",
                "pluralize",
                "singularize",
                "string",
                "symfony",
                "words"
            ],
            "time": "2018-01-03T17:14:19+00:00"
        },
        {
            "name": "symfony/polyfill-php70",
            "version": "v1.7.0",
            "source": {
                "type": "git",
                "url": "https://github.com/symfony/polyfill-php70.git",
                "reference": "3532bfcd8f933a7816f3a0a59682fc404776600f"
            },
            "dist": {
                "type": "zip",
                "url": "https://api.github.com/repos/symfony/polyfill-php70/zipball/3532bfcd8f933a7816f3a0a59682fc404776600f",
                "reference": "3532bfcd8f933a7816f3a0a59682fc404776600f",
                "shasum": ""
            },
            "require": {
                "paragonie/random_compat": "~1.0|~2.0",
                "php": ">=5.3.3"
            },
            "type": "library",
            "extra": {
                "branch-alias": {
                    "dev-master": "1.7-dev"
                }
            },
            "autoload": {
                "psr-4": {
                    "Symfony\\Polyfill\\Php70\\": ""
                },
                "files": [
                    "bootstrap.php"
                ],
                "classmap": [
                    "Resources/stubs"
                ]
            },
            "notification-url": "https://packagist.org/downloads/",
            "license": [
                "MIT"
            ],
            "authors": [
                {
                    "name": "Nicolas Grekas",
                    "email": "p@tchwork.com"
                },
                {
                    "name": "Symfony Community",
                    "homepage": "https://symfony.com/contributors"
                }
            ],
            "description": "Symfony polyfill backporting some PHP 7.0+ features to lower PHP versions",
            "homepage": "https://symfony.com",
            "keywords": [
                "compatibility",
                "polyfill",
                "portable",
                "shim"
            ],
            "time": "2018-01-30T19:27:44+00:00"
        },
        {
            "name": "symfony/property-access",
            "version": "v3.4.4",
            "source": {
                "type": "git",
                "url": "https://github.com/symfony/property-access.git",
                "reference": "a6e8c778b220dfd5cd5f5dcb09f87ee232dd608a"
            },
            "dist": {
                "type": "zip",
                "url": "https://api.github.com/repos/symfony/property-access/zipball/a6e8c778b220dfd5cd5f5dcb09f87ee232dd608a",
                "reference": "a6e8c778b220dfd5cd5f5dcb09f87ee232dd608a",
                "shasum": ""
            },
            "require": {
                "php": "^5.5.9|>=7.0.8",
                "symfony/inflector": "~3.1|~4.0",
                "symfony/polyfill-php70": "~1.0"
            },
            "require-dev": {
                "symfony/cache": "~3.1|~4.0"
            },
            "suggest": {
                "psr/cache-implementation": "To cache access methods."
            },
            "type": "library",
            "extra": {
                "branch-alias": {
                    "dev-master": "3.4-dev"
                }
            },
            "autoload": {
                "psr-4": {
                    "Symfony\\Component\\PropertyAccess\\": ""
                },
                "exclude-from-classmap": [
                    "/Tests/"
                ]
            },
            "notification-url": "https://packagist.org/downloads/",
            "license": [
                "MIT"
            ],
            "authors": [
                {
                    "name": "Fabien Potencier",
                    "email": "fabien@symfony.com"
                },
                {
                    "name": "Symfony Community",
                    "homepage": "https://symfony.com/contributors"
                }
            ],
            "description": "Symfony PropertyAccess Component",
            "homepage": "https://symfony.com",
            "keywords": [
                "access",
                "array",
                "extraction",
                "index",
                "injection",
                "object",
                "property",
                "property path",
                "reflection"
            ],
            "time": "2018-01-03T07:37:34+00:00"
        }
    ],
    "packages-dev": [],
    "aliases": [],
    "minimum-stability": "stable",
    "stability-flags": {
        "kleiram/transmission-php": 20,
        "fguillot/json-rpc": 0,
        "paquettg/php-html-parser": 20
    },
    "prefer-stable": false,
    "prefer-lowest": false,
    "platform": [],
    "platform-dev": [],
    "plugin-api-version": "2.3.0"
}
